// !$*UTF8*$!
{
	archiveVersion = 1;
	classes = {
	};
	objectVersion = 56;
	objects = {

/* Begin PBXBuildFile section */
		200A035D2C04F622007298C6 /* GreekKenoTestApp.swift in Sources */ = {isa = PBXBuildFile; fileRef = 200A035C2C04F622007298C6 /* GreekKenoTestApp.swift */; };
		200A035F2C04F622007298C6 /* ContentView.swift in Sources */ = {isa = PBXBuildFile; fileRef = 200A035E2C04F622007298C6 /* ContentView.swift */; };
		200A03612C04F624007298C6 /* Assets.xcassets in Resources */ = {isa = PBXBuildFile; fileRef = 200A03602C04F624007298C6 /* Assets.xcassets */; };
		200A03652C04F624007298C6 /* Preview Assets.xcassets in Resources */ = {isa = PBXBuildFile; fileRef = 200A03642C04F624007298C6 /* Preview Assets.xcassets */; };
		200A036F2C04F626007298C6 /* GreekKenoTestTests.swift in Sources */ = {isa = PBXBuildFile; fileRef = 200A036E2C04F626007298C6 /* GreekKenoTestTests.swift */; };
		200A03792C04F626007298C6 /* GreekKenoTestUITests.swift in Sources */ = {isa = PBXBuildFile; fileRef = 200A03782C04F626007298C6 /* GreekKenoTestUITests.swift */; };
		200A037B2C04F626007298C6 /* GreekKenoTestUITestsLaunchTests.swift in Sources */ = {isa = PBXBuildFile; fileRef = 200A037A2C04F626007298C6 /* GreekKenoTestUITestsLaunchTests.swift */; };
		200A03892C053178007298C6 /* LiveDrawView.swift in Sources */ = {isa = PBXBuildFile; fileRef = 200A03882C053178007298C6 /* LiveDrawView.swift */; };
		200A038B2C0532B0007298C6 /* WebView.swift in Sources */ = {isa = PBXBuildFile; fileRef = 200A038A2C0532B0007298C6 /* WebView.swift */; };
		200A038D2C0533B4007298C6 /* DrawResultsView.swift in Sources */ = {isa = PBXBuildFile; fileRef = 200A038C2C0533B4007298C6 /* DrawResultsView.swift */; };
		200A038F2C0535C3007298C6 /* TalonView.swift in Sources */ = {isa = PBXBuildFile; fileRef = 200A038E2C0535C3007298C6 /* TalonView.swift */; };
		200A03952C054191007298C6 /* Localizable.xcstrings in Resources */ = {isa = PBXBuildFile; fileRef = 200A03942C054191007298C6 /* Localizable.xcstrings */; };
/* End PBXBuildFile section */

/* Begin PBXContainerItemProxy section */
		200A036B2C04F626007298C6 /* PBXContainerItemProxy */ = {
			isa = PBXContainerItemProxy;
			containerPortal = 200A03512C04F622007298C6 /* Project object */;
			proxyType = 1;
			remoteGlobalIDString = 200A03582C04F622007298C6;
			remoteInfo = GreekKenoTest;
		};
		200A03752C04F626007298C6 /* PBXContainerItemProxy */ = {
			isa = PBXContainerItemProxy;
			containerPortal = 200A03512C04F622007298C6 /* Project object */;
			proxyType = 1;
			remoteGlobalIDString = 200A03582C04F622007298C6;
			remoteInfo = GreekKenoTest;
		};
/* End PBXContainerItemProxy section */

/* Begin PBXFileReference section */
		200A03592C04F622007298C6 /* GreekKenoTest.app */ = {isa = PBXFileReference; explicitFileType = wrapper.application; includeInIndex = 0; path = GreekKenoTest.app; sourceTree = BUILT_PRODUCTS_DIR; };
		200A035C2C04F622007298C6 /* GreekKenoTestApp.swift */ = {isa = PBXFileReference; lastKnownFileType = sourcecode.swift; path = GreekKenoTestApp.swift; sourceTree = "<group>"; };
		200A035E2C04F622007298C6 /* ContentView.swift */ = {isa = PBXFileReference; lastKnownFileType = sourcecode.swift; path = ContentView.swift; sourceTree = "<group>"; };
		200A03602C04F624007298C6 /* Assets.xcassets */ = {isa = PBXFileReference; lastKnownFileType = folder.assetcatalog; path = Assets.xcassets; sourceTree = "<group>"; };
		200A03622C04F624007298C6 /* GreekKenoTest.entitlements */ = {isa = PBXFileReference; lastKnownFileType = text.plist.entitlements; path = GreekKenoTest.entitlements; sourceTree = "<group>"; };
		200A03642C04F624007298C6 /* Preview Assets.xcassets */ = {isa = PBXFileReference; lastKnownFileType = folder.assetcatalog; path = "Preview Assets.xcassets"; sourceTree = "<group>"; };
		200A036A2C04F626007298C6 /* GreekKenoTestTests.xctest */ = {isa = PBXFileReference; explicitFileType = wrapper.cfbundle; includeInIndex = 0; path = GreekKenoTestTests.xctest; sourceTree = BUILT_PRODUCTS_DIR; };
		200A036E2C04F626007298C6 /* GreekKenoTestTests.swift */ = {isa = PBXFileReference; lastKnownFileType = sourcecode.swift; path = GreekKenoTestTests.swift; sourceTree = "<group>"; };
		200A03742C04F626007298C6 /* GreekKenoTestUITests.xctest */ = {isa = PBXFileReference; explicitFileType = wrapper.cfbundle; includeInIndex = 0; path = GreekKenoTestUITests.xctest; sourceTree = BUILT_PRODUCTS_DIR; };
		200A03782C04F626007298C6 /* GreekKenoTestUITests.swift */ = {isa = PBXFileReference; lastKnownFileType = sourcecode.swift; path = GreekKenoTestUITests.swift; sourceTree = "<group>"; };
		200A037A2C04F626007298C6 /* GreekKenoTestUITestsLaunchTests.swift */ = {isa = PBXFileReference; lastKnownFileType = sourcecode.swift; path = GreekKenoTestUITestsLaunchTests.swift; sourceTree = "<group>"; };
		200A03882C053178007298C6 /* LiveDrawView.swift */ = {isa = PBXFileReference; lastKnownFileType = sourcecode.swift; path = LiveDrawView.swift; sourceTree = "<group>"; };
		200A038A2C0532B0007298C6 /* WebView.swift */ = {isa = PBXFileReference; lastKnownFileType = sourcecode.swift; path = WebView.swift; sourceTree = "<group>"; };
		200A038C2C0533B4007298C6 /* DrawResultsView.swift */ = {isa = PBXFileReference; lastKnownFileType = sourcecode.swift; path = DrawResultsView.swift; sourceTree = "<group>"; };
		200A038E2C0535C3007298C6 /* TalonView.swift */ = {isa = PBXFileReference; lastKnownFileType = sourcecode.swift; path = TalonView.swift; sourceTree = "<group>"; };
		200A03942C054191007298C6 /* Localizable.xcstrings */ = {isa = PBXFileReference; lastKnownFileType = text.json.xcstrings; path = Localizable.xcstrings; sourceTree = "<group>"; };
/* End PBXFileReference section */

/* Begin PBXFrameworksBuildPhase section */
		200A03562C04F622007298C6 /* Frameworks */ = {
			isa = PBXFrameworksBuildPhase;
			buildActionMask = 2147483647;
			files = (
			);
			runOnlyForDeploymentPostprocessing = 0;
		};
		200A03672C04F626007298C6 /* Frameworks */ = {
			isa = PBXFrameworksBuildPhase;
			buildActionMask = 2147483647;
			files = (
			);
			runOnlyForDeploymentPostprocessing = 0;
		};
		200A03712C04F626007298C6 /* Frameworks */ = {
			isa = PBXFrameworksBuildPhase;
			buildActionMask = 2147483647;
			files = (
			);
			runOnlyForDeploymentPostprocessing = 0;
		};
/* End PBXFrameworksBuildPhase section */

/* Begin PBXGroup section */
		200A03502C04F622007298C6 = {
			isa = PBXGroup;
			children = (
				200A035B2C04F622007298C6 /* GreekKenoTest */,
				200A036D2C04F626007298C6 /* GreekKenoTestTests */,
				200A03772C04F626007298C6 /* GreekKenoTestUITests */,
				200A035A2C04F622007298C6 /* Products */,
			);
			sourceTree = "<group>";
		};
		200A035A2C04F622007298C6 /* Products */ = {
			isa = PBXGroup;
			children = (
				200A03592C04F622007298C6 /* GreekKenoTest.app */,
				200A036A2C04F626007298C6 /* GreekKenoTestTests.xctest */,
				200A03742C04F626007298C6 /* GreekKenoTestUITests.xctest */,
			);
			name = Products;
			sourceTree = "<group>";
		};
		200A035B2C04F622007298C6 /* GreekKenoTest */ = {
			isa = PBXGroup;
			children = (
				200A035C2C04F622007298C6 /* GreekKenoTestApp.swift */,
				200A035E2C04F622007298C6 /* ContentView.swift */,
				200A03942C054191007298C6 /* Localizable.xcstrings */,
				200A038E2C0535C3007298C6 /* TalonView.swift */,
				200A03882C053178007298C6 /* LiveDrawView.swift */,
				200A038C2C0533B4007298C6 /* DrawResultsView.swift */,
				200A038A2C0532B0007298C6 /* WebView.swift */,
				200A03602C04F624007298C6 /* Assets.xcassets */,
				200A03622C04F624007298C6 /* GreekKenoTest.entitlements */,
				200A03872C04F9E4007298C6 /* GreekKenoFeature */,
				200A03632C04F624007298C6 /* Preview Content */,
			);
			path = GreekKenoTest;
			sourceTree = "<group>";
		};
		200A03632C04F624007298C6 /* Preview Content */ = {
			isa = PBXGroup;
			children = (
				200A03642C04F624007298C6 /* Preview Assets.xcassets */,
			);
			path = "Preview Content";
			sourceTree = "<group>";
		};
		200A036D2C04F626007298C6 /* GreekKenoTestTests */ = {
			isa = PBXGroup;
			children = (
				200A036E2C04F626007298C6 /* GreekKenoTestTests.swift */,
			);
			path = GreekKenoTestTests;
			sourceTree = "<group>";
		};
		200A03772C04F626007298C6 /* GreekKenoTestUITests */ = {
			isa = PBXGroup;
			children = (
				200A03782C04F626007298C6 /* GreekKenoTestUITests.swift */,
				200A037A2C04F626007298C6 /* GreekKenoTestUITestsLaunchTests.swift */,
			);
			path = GreekKenoTestUITests;
			sourceTree = "<group>";
		};
		200A03872C04F9E4007298C6 /* GreekKenoFeature */ = {
			isa = PBXGroup;
			children = (
			);
			path = GreekKenoFeature;
			sourceTree = "<group>";
		};
/* End PBXGroup section */

/* Begin PBXNativeTarget section */
		200A03582C04F622007298C6 /* GreekKenoTest */ = {
			isa = PBXNativeTarget;
			buildConfigurationList = 200A037E2C04F626007298C6 /* Build configuration list for PBXNativeTarget "GreekKenoTest" */;
			buildPhases = (
				200A03552C04F622007298C6 /* Sources */,
				200A03562C04F622007298C6 /* Frameworks */,
				200A03572C04F622007298C6 /* Resources */,
			);
			buildRules = (
			);
			dependencies = (
			);
			name = GreekKenoTest;
			productName = GreekKenoTest;
			productReference = 200A03592C04F622007298C6 /* GreekKenoTest.app */;
			productType = "com.apple.product-type.application";
		};
		200A03692C04F626007298C6 /* GreekKenoTestTests */ = {
			isa = PBXNativeTarget;
			buildConfigurationList = 200A03812C04F626007298C6 /* Build configuration list for PBXNativeTarget "GreekKenoTestTests" */;
			buildPhases = (
				200A03662C04F626007298C6 /* Sources */,
				200A03672C04F626007298C6 /* Frameworks */,
				200A03682C04F626007298C6 /* Resources */,
			);
			buildRules = (
			);
			dependencies = (
				200A036C2C04F626007298C6 /* PBXTargetDependency */,
			);
			name = GreekKenoTestTests;
			productName = GreekKenoTestTests;
			productReference = 200A036A2C04F626007298C6 /* GreekKenoTestTests.xctest */;
			productType = "com.apple.product-type.bundle.unit-test";
		};
		200A03732C04F626007298C6 /* GreekKenoTestUITests */ = {
			isa = PBXNativeTarget;
			buildConfigurationList = 200A03842C04F626007298C6 /* Build configuration list for PBXNativeTarget "GreekKenoTestUITests" */;
			buildPhases = (
				200A03702C04F626007298C6 /* Sources */,
				200A03712C04F626007298C6 /* Frameworks */,
				200A03722C04F626007298C6 /* Resources */,
			);
			buildRules = (
			);
			dependencies = (
				200A03762C04F626007298C6 /* PBXTargetDependency */,
			);
			name = GreekKenoTestUITests;
			productName = GreekKenoTestUITests;
			productReference = 200A03742C04F626007298C6 /* GreekKenoTestUITests.xctest */;
			productType = "com.apple.product-type.bundle.ui-testing";
		};
/* End PBXNativeTarget section */

/* Begin PBXProject section */
		200A03512C04F622007298C6 /* Project object */ = {
			isa = PBXProject;
			attributes = {
				BuildIndependentTargetsInParallel = 1;
				LastSwiftUpdateCheck = 1540;
				LastUpgradeCheck = 1540;
				TargetAttributes = {
					200A03582C04F622007298C6 = {
						CreatedOnToolsVersion = 15.4;
					};
					200A03692C04F626007298C6 = {
						CreatedOnToolsVersion = 15.4;
						TestTargetID = 200A03582C04F622007298C6;
					};
					200A03732C04F626007298C6 = {
						CreatedOnToolsVersion = 15.4;
						TestTargetID = 200A03582C04F622007298C6;
					};
				};
			};
			buildConfigurationList = 200A03542C04F622007298C6 /* Build configuration list for PBXProject "GreekKenoTest" */;
			compatibilityVersion = "Xcode 14.0";
			developmentRegion = "sr-Latn";
			hasScannedForEncodings = 0;
			knownRegions = (
				"sr-Latn",
				sr,
			);
			mainGroup = 200A03502C04F622007298C6;
			productRefGroup = 200A035A2C04F622007298C6 /* Products */;
			projectDirPath = "";
			projectRoot = "";
			targets = (
				200A03582C04F622007298C6 /* GreekKenoTest */,
				200A03692C04F626007298C6 /* GreekKenoTestTests */,
				200A03732C04F626007298C6 /* GreekKenoTestUITests */,
			);
		};
/* End PBXProject section */

/* Begin PBXResourcesBuildPhase section */
		200A03572C04F622007298C6 /* Resources */ = {
			isa = PBXResourcesBuildPhase;
			buildActionMask = 2147483647;
			files = (
				200A03652C04F624007298C6 /* Preview Assets.xcassets in Resources */,
				200A03612C04F624007298C6 /* Assets.xcassets in Resources */,
				200A03952C054191007298C6 /* Localizable.xcstrings in Resources */,
			);
			runOnlyForDeploymentPostprocessing = 0;
		};
		200A03682C04F626007298C6 /* Resources */ = {
			isa = PBXResourcesBuildPhase;
			buildActionMask = 2147483647;
			files = (
			);
			runOnlyForDeploymentPostprocessing = 0;
		};
		200A03722C04F626007298C6 /* Resources */ = {
			isa = PBXResourcesBuildPhase;
			buildActionMask = 2147483647;
			files = (
			);
			runOnlyForDeploymentPostprocessing = 0;
		};
/* End PBXResourcesBuildPhase section */

/* Begin PBXSourcesBuildPhase section */
		200A03552C04F622007298C6 /* Sources */ = {
			isa = PBXSourcesBuildPhase;
			buildActionMask = 2147483647;
			files = (
				200A038D2C0533B4007298C6 /* DrawResultsView.swift in Sources */,
				200A035F2C04F622007298C6 /* ContentView.swift in Sources */,
				200A038B2C0532B0007298C6 /* WebView.swift in Sources */,
				200A035D2C04F622007298C6 /* GreekKenoTestApp.swift in Sources */,
				200A03892C053178007298C6 /* LiveDrawView.swift in Sources */,
				200A038F2C0535C3007298C6 /* TalonView.swift in Sources */,
			);
			runOnlyForDeploymentPostprocessing = 0;
		};
		200A03662C04F626007298C6 /* Sources */ = {
			isa = PBXSourcesBuildPhase;
			buildActionMask = 2147483647;
			files = (
				200A036F2C04F626007298C6 /* GreekKenoTestTests.swift in Sources */,
			);
			runOnlyForDeploymentPostprocessing = 0;
		};
		200A03702C04F626007298C6 /* Sources */ = {
			isa = PBXSourcesBuildPhase;
			buildActionMask = 2147483647;
			files = (
				200A037B2C04F626007298C6 /* GreekKenoTestUITestsLaunchTests.swift in Sources */,
				200A03792C04F626007298C6 /* GreekKenoTestUITests.swift in Sources */,
			);
			runOnlyForDeploymentPostprocessing = 0;
		};
/* End PBXSourcesBuildPhase section */

/* Begin PBXTargetDependency section */
		200A036C2C04F626007298C6 /* PBXTargetDependency */ = {
			isa = PBXTargetDependency;
			target = 200A03582C04F622007298C6 /* GreekKenoTest */;
			targetProxy = 200A036B2C04F626007298C6 /* PBXContainerItemProxy */;
		};
		200A03762C04F626007298C6 /* PBXTargetDependency */ = {
			isa = PBXTargetDependency;
			target = 200A03582C04F622007298C6 /* GreekKenoTest */;
			targetProxy = 200A03752C04F626007298C6 /* PBXContainerItemProxy */;
		};
/* End PBXTargetDependency section */

/* Begin XCBuildConfiguration section */
		200A037C2C04F626007298C6 /* Debug */ = {
			isa = XCBuildConfiguration;
			buildSettings = {
				ALWAYS_SEARCH_USER_PATHS = NO;
				ASSETCATALOG_COMPILER_GENERATE_SWIFT_ASSET_SYMBOL_EXTENSIONS = YES;
				CLANG_ANALYZER_NONNULL = YES;
				CLANG_ANALYZER_NUMBER_OBJECT_CONVERSION = YES_AGGRESSIVE;
				CLANG_CXX_LANGUAGE_STANDARD = "gnu++20";
				CLANG_ENABLE_MODULES = YES;
				CLANG_ENABLE_OBJC_ARC = YES;
				CLANG_ENABLE_OBJC_WEAK = YES;
				CLANG_WARN_BLOCK_CAPTURE_AUTORELEASING = YES;
				CLANG_WARN_BOOL_CONVERSION = YES;
				CLANG_WARN_COMMA = YES;
				CLANG_WARN_CONSTANT_CONVERSION = YES;
				CLANG_WARN_DEPRECATED_OBJC_IMPLEMENTATIONS = YES;
				CLANG_WARN_DIRECT_OBJC_ISA_USAGE = YES_ERROR;
				CLANG_WARN_DOCUMENTATION_COMMENTS = YES;
				CLANG_WARN_EMPTY_BODY = YES;
				CLANG_WARN_ENUM_CONVERSION = YES;
				CLANG_WARN_INFINITE_RECURSION = YES;
				CLANG_WARN_INT_CONVERSION = YES;
				CLANG_WARN_NON_LITERAL_NULL_CONVERSION = YES;
				CLANG_WARN_OBJC_IMPLICIT_RETAIN_SELF = YES;
				CLANG_WARN_OBJC_LITERAL_CONVERSION = YES;
				CLANG_WARN_OBJC_ROOT_CLASS = YES_ERROR;
				CLANG_WARN_QUOTED_INCLUDE_IN_FRAMEWORK_HEADER = YES;
				CLANG_WARN_RANGE_LOOP_ANALYSIS = YES;
				CLANG_WARN_STRICT_PROTOTYPES = YES;
				CLANG_WARN_SUSPICIOUS_MOVE = YES;
				CLANG_WARN_UNGUARDED_AVAILABILITY = YES_AGGRESSIVE;
				CLANG_WARN_UNREACHABLE_CODE = YES;
				CLANG_WARN__DUPLICATE_METHOD_MATCH = YES;
				COPY_PHASE_STRIP = NO;
				DEBUG_INFORMATION_FORMAT = dwarf;
				ENABLE_STRICT_OBJC_MSGSEND = YES;
				ENABLE_TESTABILITY = YES;
				ENABLE_USER_SCRIPT_SANDBOXING = YES;
				GCC_C_LANGUAGE_STANDARD = gnu17;
				GCC_DYNAMIC_NO_PIC = NO;
				GCC_NO_COMMON_BLOCKS = YES;
				GCC_OPTIMIZATION_LEVEL = 0;
				GCC_PREPROCESSOR_DEFINITIONS = (
					"DEBUG=1",
					"$(inherited)",
				);
				GCC_WARN_64_TO_32_BIT_CONVERSION = YES;
				GCC_WARN_ABOUT_RETURN_TYPE = YES_ERROR;
				GCC_WARN_UNDECLARED_SELECTOR = YES;
				GCC_WARN_UNINITIALIZED_AUTOS = YES_AGGRESSIVE;
				GCC_WARN_UNUSED_FUNCTION = YES;
				GCC_WARN_UNUSED_VARIABLE = YES;
				LOCALIZATION_PREFERS_STRING_CATALOGS = YES;
				MTL_ENABLE_DEBUG_INFO = INCLUDE_SOURCE;
				MTL_FAST_MATH = YES;
				ONLY_ACTIVE_ARCH = YES;
				SWIFT_ACTIVE_COMPILATION_CONDITIONS = "DEBUG $(inherited)";
				SWIFT_OPTIMIZATION_LEVEL = "-Onone";
			};
			name = Debug;
		};
		200A037D2C04F626007298C6 /* Release */ = {
			isa = XCBuildConfiguration;
			buildSettings = {
				ALWAYS_SEARCH_USER_PATHS = NO;
				ASSETCATALOG_COMPILER_GENERATE_SWIFT_ASSET_SYMBOL_EXTENSIONS = YES;
				CLANG_ANALYZER_NONNULL = YES;
				CLANG_ANALYZER_NUMBER_OBJECT_CONVERSION = YES_AGGRESSIVE;
				CLANG_CXX_LANGUAGE_STANDARD = "gnu++20";
				CLANG_ENABLE_MODULES = YES;
				CLANG_ENABLE_OBJC_ARC = YES;
				CLANG_ENABLE_OBJC_WEAK = YES;
				CLANG_WARN_BLOCK_CAPTURE_AUTORELEASING = YES;
				CLANG_WARN_BOOL_CONVERSION = YES;
				CLANG_WARN_COMMA = YES;
				CLANG_WARN_CONSTANT_CONVERSION = YES;
				CLANG_WARN_DEPRECATED_OBJC_IMPLEMENTATIONS = YES;
				CLANG_WARN_DIRECT_OBJC_ISA_USAGE = YES_ERROR;
				CLANG_WARN_DOCUMENTATION_COMMENTS = YES;
				CLANG_WARN_EMPTY_BODY = YES;
				CLANG_WARN_ENUM_CONVERSION = YES;
				CLANG_WARN_INFINITE_RECURSION = YES;
				CLANG_WARN_INT_CONVERSION = YES;
				CLANG_WARN_NON_LITERAL_NULL_CONVERSION = YES;
				CLANG_WARN_OBJC_IMPLICIT_RETAIN_SELF = YES;
				CLANG_WARN_OBJC_LITERAL_CONVERSION = YES;
				CLANG_WARN_OBJC_ROOT_CLASS = YES_ERROR;
				CLANG_WARN_QUOTED_INCLUDE_IN_FRAMEWORK_HEADER = YES;
				CLANG_WARN_RANGE_LOOP_ANALYSIS = YES;
				CLANG_WARN_STRICT_PROTOTYPES = YES;
				CLANG_WARN_SUSPICIOUS_MOVE = YES;
				CLANG_WARN_UNGUARDED_AVAILABILITY = YES_AGGRESSIVE;
				CLANG_WARN_UNREACHABLE_CODE = YES;
				CLANG_WARN__DUPLICATE_METHOD_MATCH = YES;
				COPY_PHASE_STRIP = NO;
				DEBUG_INFORMATION_FORMAT = "dwarf-with-dsym";
				ENABLE_NS_ASSERTIONS = NO;
				ENABLE_STRICT_OBJC_MSGSEND = YES;
				ENABLE_USER_SCRIPT_SANDBOXING = YES;
				GCC_C_LANGUAGE_STANDARD = gnu17;
				GCC_NO_COMMON_BLOCKS = YES;
				GCC_WARN_64_TO_32_BIT_CONVERSION = YES;
				GCC_WARN_ABOUT_RETURN_TYPE = YES_ERROR;
				GCC_WARN_UNDECLARED_SELECTOR = YES;
				GCC_WARN_UNINITIALIZED_AUTOS = YES_AGGRESSIVE;
				GCC_WARN_UNUSED_FUNCTION = YES;
				GCC_WARN_UNUSED_VARIABLE = YES;
				LOCALIZATION_PREFERS_STRING_CATALOGS = YES;
				MTL_ENABLE_DEBUG_INFO = NO;
				MTL_FAST_MATH = YES;
				SWIFT_COMPILATION_MODE = wholemodule;
			};
			name = Release;
		};
		200A037F2C04F626007298C6 /* Debug */ = {
			isa = XCBuildConfiguration;
			buildSettings = {
				ASSETCATALOG_COMPILER_APPICON_NAME = AppIcon;
				ASSETCATALOG_COMPILER_GLOBAL_ACCENT_COLOR_NAME = AccentColor;
				CODE_SIGN_ENTITLEMENTS = GreekKenoTest/GreekKenoTest.entitlements;
				CODE_SIGN_STYLE = Automatic;
				CURRENT_PROJECT_VERSION = 1;
				DEVELOPMENT_ASSET_PATHS = "\"GreekKenoTest/Preview Content\"";
				ENABLE_PREVIEWS = YES;
				GENERATE_INFOPLIST_FILE = YES;
				"INFOPLIST_KEY_UIApplicationSceneManifest_Generation[sdk=iphoneos*]" = YES;
				"INFOPLIST_KEY_UIApplicationSceneManifest_Generation[sdk=iphonesimulator*]" = YES;
				"INFOPLIST_KEY_UIApplicationSupportsIndirectInputEvents[sdk=iphoneos*]" = YES;
				"INFOPLIST_KEY_UIApplicationSupportsIndirectInputEvents[sdk=iphonesimulator*]" = YES;
				"INFOPLIST_KEY_UILaunchScreen_Generation[sdk=iphoneos*]" = YES;
				"INFOPLIST_KEY_UILaunchScreen_Generation[sdk=iphonesimulator*]" = YES;
				"INFOPLIST_KEY_UIStatusBarStyle[sdk=iphoneos*]" = UIStatusBarStyleDefault;
				"INFOPLIST_KEY_UIStatusBarStyle[sdk=iphonesimulator*]" = UIStatusBarStyleDefault;
				INFOPLIST_KEY_UISupportedInterfaceOrientations_iPad = "UIInterfaceOrientationPortrait UIInterfaceOrientationPortraitUpsideDown UIInterfaceOrientationLandscapeLeft UIInterfaceOrientationLandscapeRight";
				INFOPLIST_KEY_UISupportedInterfaceOrientations_iPhone = "UIInterfaceOrientationPortrait UIInterfaceOrientationLandscapeLeft UIInterfaceOrientationLandscapeRight";
				IPHONEOS_DEPLOYMENT_TARGET = 17.5;
				LD_RUNPATH_SEARCH_PATHS = "@executable_path/Frameworks";
				"LD_RUNPATH_SEARCH_PATHS[sdk=macosx*]" = "@executable_path/../Frameworks";
				MACOSX_DEPLOYMENT_TARGET = 14.5;
				MARKETING_VERSION = 1.0;
				PRODUCT_BUNDLE_IDENTIFIER = "Marko-Djukic.GreekKenoTest";
				PRODUCT_NAME = "$(TARGET_NAME)";
				SDKROOT = auto;
				SUPPORTED_PLATFORMS = "iphoneos iphonesimulator macosx";
				SWIFT_EMIT_LOC_STRINGS = YES;
				SWIFT_VERSION = 5.0;
				TARGETED_DEVICE_FAMILY = "1,2";
			};
			name = Debug;
		};
		200A03802C04F626007298C6 /* Release */ = {
			isa = XCBuildConfiguration;
			buildSettings = {
				ASSETCATALOG_COMPILER_APPICON_NAME = AppIcon;
				ASSETCATALOG_COMPILER_GLOBAL_ACCENT_COLOR_NAME = AccentColor;
				CODE_SIGN_ENTITLEMENTS = GreekKenoTest/GreekKenoTest.entitlements;
				CODE_SIGN_STYLE = Automatic;
				CURRENT_PROJECT_VERSION = 1;
				DEVELOPMENT_ASSET_PATHS = "\"GreekKenoTest/Preview Content\"";
				ENABLE_PREVIEWS = YES;
				GENERATE_INFOPLIST_FILE = YES;
				"INFOPLIST_KEY_UIApplicationSceneManifest_Generation[sdk=iphoneos*]" = YES;
				"INFOPLIST_KEY_UIApplicationSceneManifest_Generation[sdk=iphonesimulator*]" = YES;
				"INFOPLIST_KEY_UIApplicationSupportsIndirectInputEvents[sdk=iphoneos*]" = YES;
				"INFOPLIST_KEY_UIApplicationSupportsIndirectInputEvents[sdk=iphonesimulator*]" = YES;
				"INFOPLIST_KEY_UILaunchScreen_Generation[sdk=iphoneos*]" = YES;
				"INFOPLIST_KEY_UILaunchScreen_Generation[sdk=iphonesimulator*]" = YES;
				"INFOPLIST_KEY_UIStatusBarStyle[sdk=iphoneos*]" = UIStatusBarStyleDefault;
				"INFOPLIST_KEY_UIStatusBarStyle[sdk=iphonesimulator*]" = UIStatusBarStyleDefault;
				INFOPLIST_KEY_UISupportedInterfaceOrientations_iPad = "UIInterfaceOrientationPortrait UIInterfaceOrientationPortraitUpsideDown UIInterfaceOrientationLandscapeLeft UIInterfaceOrientationLandscapeRight";
				INFOPLIST_KEY_UISupportedInterfaceOrientations_iPhone = "UIInterfaceOrientationPortrait UIInterfaceOrientationLandscapeLeft UIInterfaceOrientationLandscapeRight";
				IPHONEOS_DEPLOYMENT_TARGET = 17.5;
				LD_RUNPATH_SEARCH_PATHS = "@executable_path/Frameworks";
				"LD_RUNPATH_SEARCH_PATHS[sdk=macosx*]" = "@executable_path/../Frameworks";
				MACOSX_DEPLOYMENT_TARGET = 14.5;
				MARKETING_VERSION = 1.0;
				PRODUCT_BUNDLE_IDENTIFIER = "Marko-Djukic.GreekKenoTest";
				PRODUCT_NAME = "$(TARGET_NAME)";
				SDKROOT = auto;
				SUPPORTED_PLATFORMS = "iphoneos iphonesimulator macosx";
				SWIFT_EMIT_LOC_STRINGS = YES;
				SWIFT_VERSION = 5.0;
				TARGETED_DEVICE_FAMILY = "1,2";
			};
			name = Release;
		};
		200A03822C04F626007298C6 /* Debug */ = {
			isa = XCBuildConfiguration;
			buildSettings = {
				ALWAYS_EMBED_SWIFT_STANDARD_LIBRARIES = YES;
				BUNDLE_LOADER = "$(TEST_HOST)";
				CODE_SIGN_STYLE = Automatic;
				CURRENT_PROJECT_VERSION = 1;
				GENERATE_INFOPLIST_FILE = YES;
				IPHONEOS_DEPLOYMENT_TARGET = 17.5;
				MACOSX_DEPLOYMENT_TARGET = 14.5;
				MARKETING_VERSION = 1.0;
				PRODUCT_BUNDLE_IDENTIFIER = "Marko-Djukic.GreekKenoTestTests";
				PRODUCT_NAME = "$(TARGET_NAME)";
				SDKROOT = auto;
				SUPPORTED_PLATFORMS = "iphoneos iphonesimulator macosx";
				SWIFT_EMIT_LOC_STRINGS = NO;
				SWIFT_VERSION = 5.0;
				TARGETED_DEVICE_FAMILY = "1,2";
				TEST_HOST = "$(BUILT_PRODUCTS_DIR)/GreekKenoTest.app/$(BUNDLE_EXECUTABLE_FOLDER_PATH)/GreekKenoTest";
			};
			name = Debug;
		};
		200A03832C04F626007298C6 /* Release */ = {
			isa = XCBuildConfiguration;
			buildSettings = {
				ALWAYS_EMBED_SWIFT_STANDARD_LIBRARIES = YES;
				BUNDLE_LOADER = "$(TEST_HOST)";
				CODE_SIGN_STYLE = Automatic;
				CURRENT_PROJECT_VERSION = 1;
				GENERATE_INFOPLIST_FILE = YES;
				IPHONEOS_DEPLOYMENT_TARGET = 17.5;
				MACOSX_DEPLOYMENT_TARGET = 14.5;
				MARKETING_VERSION = 1.0;
				PRODUCT_BUNDLE_IDENTIFIER = "Marko-Djukic.GreekKenoTestTests";
				PRODUCT_NAME = "$(TARGET_NAME)";
				SDKROOT = auto;
				SUPPORTED_PLATFORMS = "iphoneos iphonesimulator macosx";
				SWIFT_EMIT_LOC_STRINGS = NO;
				SWIFT_VERSION = 5.0;
				TARGETED_DEVICE_FAMILY = "1,2";
				TEST_HOST = "$(BUILT_PRODUCTS_DIR)/GreekKenoTest.app/$(BUNDLE_EXECUTABLE_FOLDER_PATH)/GreekKenoTest";
			};
			name = Release;
		};
		200A03852C04F626007298C6 /* Debug */ = {
			isa = XCBuildConfiguration;
			buildSettings = {
				ALWAYS_EMBED_SWIFT_STANDARD_LIBRARIES = YES;
				CODE_SIGN_STYLE = Automatic;
				CURRENT_PROJECT_VERSION = 1;
				GENERATE_INFOPLIST_FILE = YES;
				IPHONEOS_DEPLOYMENT_TARGET = 17.5;
				MACOSX_DEPLOYMENT_TARGET = 14.5;
				MARKETING_VERSION = 1.0;
				PRODUCT_BUNDLE_IDENTIFIER = "Marko-Djukic.GreekKenoTestUITests";
				PRODUCT_NAME = "$(TARGET_NAME)";
				SDKROOT = auto;
				SUPPORTED_PLATFORMS = "iphoneos iphonesimulator macosx";
				SWIFT_EMIT_LOC_STRINGS = NO;
				SWIFT_VERSION = 5.0;
				TARGETED_DEVICE_FAMILY = "1,2";
				TEST_TARGET_NAME = GreekKenoTest;
			};
			name = Debug;
		};
		200A03862C04F626007298C6 /* Release */ = {
			isa = XCBuildConfiguration;
			buildSettings = {
				ALWAYS_EMBED_SWIFT_STANDARD_LIBRARIES = YES;
				CODE_SIGN_STYLE = Automatic;
				CURRENT_PROJECT_VERSION = 1;
				GENERATE_INFOPLIST_FILE = YES;
				IPHONEOS_DEPLOYMENT_TARGET = 17.5;
				MACOSX_DEPLOYMENT_TARGET = 14.5;
				MARKETING_VERSION = 1.0;
				PRODUCT_BUNDLE_IDENTIFIER = "Marko-Djukic.GreekKenoTestUITests";
				PRODUCT_NAME = "$(TARGET_NAME)";
				SDKROOT = auto;
				SUPPORTED_PLATFORMS = "iphoneos iphonesimulator macosx";
				SWIFT_EMIT_LOC_STRINGS = NO;
				SWIFT_VERSION = 5.0;
				TARGETED_DEVICE_FAMILY = "1,2";
				TEST_TARGET_NAME = GreekKenoTest;
			};
			name = Release;
		};
/* End XCBuildConfiguration section */

/* Begin XCConfigurationList section */
		200A03542C04F622007298C6 /* Build configuration list for PBXProject "GreekKenoTest" */ = {
			isa = XCConfigurationList;
			buildConfigurations = (
				200A037C2C04F626007298C6 /* Debug */,
				200A037D2C04F626007298C6 /* Release */,
			);
			defaultConfigurationIsVisible = 0;
			defaultConfigurationName = Release;
		};
		200A037E2C04F626007298C6 /* Build configuration list for PBXNativeTarget "GreekKenoTest" */ = {
			isa = XCConfigurationList;
			buildConfigurations = (
				200A037F2C04F626007298C6 /* Debug */,
				200A03802C04F626007298C6 /* Release */,
			);
			defaultConfigurationIsVisible = 0;
			defaultConfigurationName = Release;
		};
		200A03812C04F626007298C6 /* Build configuration list for PBXNativeTarget "GreekKenoTestTests" */ = {
			isa = XCConfigurationList;
			buildConfigurations = (
				200A03822C04F626007298C6 /* Debug */,
				200A03832C04F626007298C6 /* Release */,
			);
			defaultConfigurationIsVisible = 0;
			defaultConfigurationName = Release;
		};
		200A03842C04F626007298C6 /* Build configuration list for PBXNativeTarget "GreekKenoTestUITests" */ = {
			isa = XCConfigurationList;
			buildConfigurations = (
				200A03852C04F626007298C6 /* Debug */,
				200A03862C04F626007298C6 /* Release */,
			);
			defaultConfigurationIsVisible = 0;
			defaultConfigurationName = Release;
		};
/* End XCConfigurationList section */
	};
	rootObject = 200A03512C04F622007298C6 /* Project object */;
}
